
Microsoft Visual Studio Solution File, Format Version 12.00
# Visual Studio Version 17
VisualStudioVersion = 17.2.32526.322
MinimumVisualStudioVersion = 10.0.40219.1
Project("{8BC9CEB8-8B4A-11D0-8D11-00A0C91BC942}") = "function c++", "function c++.vcxproj", "{99E0C3D7-CC89-4269-8DC5-83AD8E79E846}"
EndProject
Global
	GlobalSection(SolutionConfigurationPlatforms) = preSolution
		Debug|x64 = Debug|x64
		Debug|x86 = Debug|x86
		Release|x64 = Release|x64
		Release|x86 = Release|x86
	EndGlobalSection
	GlobalSection(ProjectConfigurationPlatforms) = postSolution
		{99E0C3D7-CC89-4269-8DC5-83AD8E79E846}.Debug|x64.ActiveCfg = Debug|x64
		{99E0C3D7-CC89-4269-8DC5-83AD8E79E846}.Debug|x64.Build.0 = Debug|x64
		{99E0C3D7-CC89-4269-8DC5-83AD8E79E846}.Debug|x86.ActiveCfg = Debug|Win32
		{99E0C3D7-CC89-4269-8DC5-83AD8E79E846}.Debug|x86.Build.0 = Debug|Win32
		{99E0C3D7-CC89-4269-8DC5-83AD8E79E846}.Release|x64.ActiveCfg = Release|x64
		{99E0C3D7-CC89-4269-8DC5-83AD8E79E846}.Release|x64.Build.0 = Release|x64
		{99E0C3D7-CC89-4269-8DC5-83AD8E79E846}.Release|x86.ActiveCfg = Release|Win32
		{99E0C3D7-CC89-4269-8DC5-83AD8E79E846}.Release|x86.Build.0 = Release|Win32
	EndGlobalSection
	GlobalSection(SolutionProperties) = preSolution
		HideSolutionNode = FALSE
	EndGlobalSection
	GlobalSection(ExtensibilityGlobals) = postSolution
		SolutionGuid = {BD73CD9B-F133-452F-9C5A-6FE66894E289}
	EndGlobalSection
EndGlobal
